// !$*UTF8*$!
{
	archiveVersion = 1;
	classes = {
	};
	objectVersion = 55;
	objects = {

/* Begin PBXBuildFile section */
		10B84B4F2755DF050030061D /* AppDelegate.swift in Sources */ = {isa = PBXBuildFile; fileRef = 10B84B4E2755DF050030061D /* AppDelegate.swift */; };
		10B84B582755DF070030061D /* Assets.xcassets in Resources */ = {isa = PBXBuildFile; fileRef = 10B84B572755DF070030061D /* Assets.xcassets */; };
		10B84B5B2755DF070030061D /* LaunchScreen.storyboard in Resources */ = {isa = PBXBuildFile; fileRef = 10B84B592755DF070030061D /* LaunchScreen.storyboard */; };
		10B84B662755DF070030061D /* GitHubLoginTests.swift in Sources */ = {isa = PBXBuildFile; fileRef = 10B84B652755DF070030061D /* GitHubLoginTests.swift */; };
		10B84B702755DF070030061D /* GitHubLoginUITests.swift in Sources */ = {isa = PBXBuildFile; fileRef = 10B84B6F2755DF070030061D /* GitHubLoginUITests.swift */; };
		10B84B722755DF070030061D /* GitHubLoginUITestsLaunchTests.swift in Sources */ = {isa = PBXBuildFile; fileRef = 10B84B712755DF070030061D /* GitHubLoginUITestsLaunchTests.swift */; };
		9034C4088D4A4363CA6A68D9 /* Pods_GitHubLogin.framework in Frameworks */ = {isa = PBXBuildFile; fileRef = EA39F063A820D3FDC004DF63 /* Pods_GitHubLogin.framework */; };
		A57288814227FBCF0557A385 /* Pods_GitHubLogin_GitHubLoginUITests.framework in Frameworks */ = {isa = PBXBuildFile; fileRef = 7F0DFCB9900339048BCAEAA5 /* Pods_GitHubLogin_GitHubLoginUITests.framework */; };
		CF205ABB26493C5D7BFE8165 /* Pods_GitHubLoginTests.framework in Frameworks */ = {isa = PBXBuildFile; fileRef = CF2D1B00A1BD52E51E254C9D /* Pods_GitHubLoginTests.framework */; };
/* End PBXBuildFile section */

/* Begin PBXContainerItemProxy section */
		10B84B622755DF070030061D /* PBXContainerItemProxy */ = {
			isa = PBXContainerItemProxy;
			containerPortal = 10B84B432755DF050030061D /* Project object */;
			proxyType = 1;
			remoteGlobalIDString = 10B84B4A2755DF050030061D;
			remoteInfo = GitHubLogin;
		};
		10B84B6C2755DF070030061D /* PBXContainerItemProxy */ = {
			isa = PBXContainerItemProxy;
			containerPortal = 10B84B432755DF050030061D /* Project object */;
			proxyType = 1;
			remoteGlobalIDString = 10B84B4A2755DF050030061D;
			remoteInfo = GitHubLogin;
		};
/* End PBXContainerItemProxy section */

/* Begin PBXFileReference section */
		10B84B4B2755DF050030061D /* GitHubLogin.app */ = {isa = PBXFileReference; explicitFileType = wrapper.application; includeInIndex = 0; path = GitHubLogin.app; sourceTree = BUILT_PRODUCTS_DIR; };
		10B84B4E2755DF050030061D /* AppDelegate.swift */ = {isa = PBXFileReference; lastKnownFileType = sourcecode.swift; path = AppDelegate.swift; sourceTree = "<group>"; };
		10B84B572755DF070030061D /* Assets.xcassets */ = {isa = PBXFileReference; lastKnownFileType = folder.assetcatalog; path = Assets.xcassets; sourceTree = "<group>"; };
		10B84B5A2755DF070030061D /* Base */ = {isa = PBXFileReference; lastKnownFileType = file.storyboard; name = Base; path = Base.lproj/LaunchScreen.storyboard; sourceTree = "<group>"; };
		10B84B5C2755DF070030061D /* Info.plist */ = {isa = PBXFileReference; lastKnownFileType = text.plist.xml; path = Info.plist; sourceTree = "<group>"; };
		10B84B612755DF070030061D /* GitHubLoginTests.xctest */ = {isa = PBXFileReference; explicitFileType = wrapper.cfbundle; includeInIndex = 0; path = GitHubLoginTests.xctest; sourceTree = BUILT_PRODUCTS_DIR; };
		10B84B652755DF070030061D /* GitHubLoginTests.swift */ = {isa = PBXFileReference; lastKnownFileType = sourcecode.swift; path = GitHubLoginTests.swift; sourceTree = "<group>"; };
		10B84B6B2755DF070030061D /* GitHubLoginUITests.xctest */ = {isa = PBXFileReference; explicitFileType = wrapper.cfbundle; includeInIndex = 0; path = GitHubLoginUITests.xctest; sourceTree = BUILT_PRODUCTS_DIR; };
		10B84B6F2755DF070030061D /* GitHubLoginUITests.swift */ = {isa = PBXFileReference; lastKnownFileType = sourcecode.swift; path = GitHubLoginUITests.swift; sourceTree = "<group>"; };
		10B84B712755DF070030061D /* GitHubLoginUITestsLaunchTests.swift */ = {isa = PBXFileReference; lastKnownFileType = sourcecode.swift; path = GitHubLoginUITestsLaunchTests.swift; sourceTree = "<group>"; };
		44ABFDFD57FD063C0211A16E /* Pods-GitHubLoginTests.release.xcconfig */ = {isa = PBXFileReference; includeInIndex = 1; lastKnownFileType = text.xcconfig; name = "Pods-GitHubLoginTests.release.xcconfig"; path = "Target Support Files/Pods-GitHubLoginTests/Pods-GitHubLoginTests.release.xcconfig"; sourceTree = "<group>"; };
		7104CD49653BE4324FFB3364 /* Pods-GitHubLogin-GitHubLoginUITests.release.xcconfig */ = {isa = PBXFileReference; includeInIndex = 1; lastKnownFileType = text.xcconfig; name = "Pods-GitHubLogin-GitHubLoginUITests.release.xcconfig"; path = "Target Support Files/Pods-GitHubLogin-GitHubLoginUITests/Pods-GitHubLogin-GitHubLoginUITests.release.xcconfig"; sourceTree = "<group>"; };
		7F0DFCB9900339048BCAEAA5 /* Pods_GitHubLogin_GitHubLoginUITests.framework */ = {isa = PBXFileReference; explicitFileType = wrapper.framework; includeInIndex = 0; path = Pods_GitHubLogin_GitHubLoginUITests.framework; sourceTree = BUILT_PRODUCTS_DIR; };
		A41727967DC6BF8EDC45CB45 /* Pods-GitHubLoginTests.debug.xcconfig */ = {isa = PBXFileReference; includeInIndex = 1; lastKnownFileType = text.xcconfig; name = "Pods-GitHubLoginTests.debug.xcconfig"; path = "Target Support Files/Pods-GitHubLoginTests/Pods-GitHubLoginTests.debug.xcconfig"; sourceTree = "<group>"; };
		AA5F34748B7D00D8A8F94C24 /* Pods-GitHubLogin.debug.xcconfig */ = {isa = PBXFileReference; includeInIndex = 1; lastKnownFileType = text.xcconfig; name = "Pods-GitHubLogin.debug.xcconfig"; path = "Target Support Files/Pods-GitHubLogin/Pods-GitHubLogin.debug.xcconfig"; sourceTree = "<group>"; };
		CF2D1B00A1BD52E51E254C9D /* Pods_GitHubLoginTests.framework */ = {isa = PBXFileReference; explicitFileType = wrapper.framework; includeInIndex = 0; path = Pods_GitHubLoginTests.framework; sourceTree = BUILT_PRODUCTS_DIR; };
		E335F1E9BC9BD6E466D43C56 /* Pods-GitHubLogin-GitHubLoginUITests.debug.xcconfig */ = {isa = PBXFileReference; includeInIndex = 1; lastKnownFileType = text.xcconfig; name = "Pods-GitHubLogin-GitHubLoginUITests.debug.xcconfig"; path = "Target Support Files/Pods-GitHubLogin-GitHubLoginUITests/Pods-GitHubLogin-GitHubLoginUITests.debug.xcconfig"; sourceTree = "<group>"; };
		EA39F063A820D3FDC004DF63 /* Pods_GitHubLogin.framework */ = {isa = PBXFileReference; explicitFileType = wrapper.framework; includeInIndex = 0; path = Pods_GitHubLogin.framework; sourceTree = BUILT_PRODUCTS_DIR; };
		EDF2CE4895B7ACA521B52D12 /* Pods-GitHubLogin.release.xcconfig */ = {isa = PBXFileReference; includeInIndex = 1; lastKnownFileType = text.xcconfig; name = "Pods-GitHubLogin.release.xcconfig"; path = "Target Support Files/Pods-GitHubLogin/Pods-GitHubLogin.release.xcconfig"; sourceTree = "<group>"; };
/* End PBXFileReference section */

/* Begin PBXFrameworksBuildPhase section */
		10B84B482755DF050030061D /* Frameworks */ = {
			isa = PBXFrameworksBuildPhase;
			buildActionMask = 2147483647;
			files = (
				9034C4088D4A4363CA6A68D9 /* Pods_GitHubLogin.framework in Frameworks */,
			);
			runOnlyForDeploymentPostprocessing = 0;
		};
		10B84B5E2755DF070030061D /* Frameworks */ = {
			isa = PBXFrameworksBuildPhase;
			buildActionMask = 2147483647;
			files = (
				CF205ABB26493C5D7BFE8165 /* Pods_GitHubLoginTests.framework in Frameworks */,
			);
			runOnlyForDeploymentPostprocessing = 0;
		};
		10B84B682755DF070030061D /* Frameworks */ = {
			isa = PBXFrameworksBuildPhase;
			buildActionMask = 2147483647;
			files = (
				A57288814227FBCF0557A385 /* Pods_GitHubLogin_GitHubLoginUITests.framework in Frameworks */,
			);
			runOnlyForDeploymentPostprocessing = 0;
		};
/* End PBXFrameworksBuildPhase section */

/* Begin PBXGroup section */
		10B84B422755DF050030061D = {
			isa = PBXGroup;
			children = (
				10B84B4D2755DF050030061D /* GitHubLogin */,
				10B84B642755DF070030061D /* GitHubLoginTests */,
				10B84B6E2755DF070030061D /* GitHubLoginUITests */,
				10B84B4C2755DF050030061D /* Products */,
				76E2E98C38CE0D956F178F40 /* Pods */,
				73BE73EB7BA56988943588AF /* Frameworks */,
			);
			sourceTree = "<group>";
		};
		10B84B4C2755DF050030061D /* Products */ = {
			isa = PBXGroup;
			children = (
				10B84B4B2755DF050030061D /* GitHubLogin.app */,
				10B84B612755DF070030061D /* GitHubLoginTests.xctest */,
				10B84B6B2755DF070030061D /* GitHubLoginUITests.xctest */,
			);
			name = Products;
			sourceTree = "<group>";
		};
		10B84B4D2755DF050030061D /* GitHubLogin */ = {
			isa = PBXGroup;
			children = (
				10B84B7E2755DFE50030061D /* App */,
				10B84B7F2755DFEB0030061D /* Configurations */,
				10B84B802755DFF70030061D /* Resources */,
				10B84B812755E0040030061D /* Services */,
				10B84B822755E00B0030061D /* Core */,
				10B84B832755E0110030061D /* Modules */,
				10B84B842755E0250030061D /* Launch Screen */,
			);
			path = GitHubLogin;
			sourceTree = "<group>";
		};
		10B84B642755DF070030061D /* GitHubLoginTests */ = {
			isa = PBXGroup;
			children = (
				10B84B652755DF070030061D /* GitHubLoginTests.swift */,
			);
			path = GitHubLoginTests;
			sourceTree = "<group>";
		};
		10B84B6E2755DF070030061D /* GitHubLoginUITests */ = {
			isa = PBXGroup;
			children = (
				10B84B6F2755DF070030061D /* GitHubLoginUITests.swift */,
				10B84B712755DF070030061D /* GitHubLoginUITestsLaunchTests.swift */,
			);
			path = GitHubLoginUITests;
			sourceTree = "<group>";
		};
		10B84B7E2755DFE50030061D /* App */ = {
			isa = PBXGroup;
			children = (
				10B84B4E2755DF050030061D /* AppDelegate.swift */,
			);
			path = App;
			sourceTree = "<group>";
		};
		10B84B7F2755DFEB0030061D /* Configurations */ = {
			isa = PBXGroup;
			children = (
				10B84B5C2755DF070030061D /* Info.plist */,
			);
			path = Configurations;
			sourceTree = "<group>";
		};
		10B84B802755DFF70030061D /* Resources */ = {
			isa = PBXGroup;
			children = (
				10B84B572755DF070030061D /* Assets.xcassets */,
			);
			path = Resources;
			sourceTree = "<group>";
		};
		10B84B812755E0040030061D /* Services */ = {
			isa = PBXGroup;
			children = (
				10B84B852755E0620030061D /* Remote */,
			);
			path = Services;
			sourceTree = "<group>";
		};
		10B84B822755E00B0030061D /* Core */ = {
			isa = PBXGroup;
			children = (
			);
			path = Core;
			sourceTree = "<group>";
		};
		10B84B832755E0110030061D /* Modules */ = {
			isa = PBXGroup;
			children = (
			);
			path = Modules;
			sourceTree = "<group>";
		};
		10B84B842755E0250030061D /* Launch Screen */ = {
			isa = PBXGroup;
			children = (
				10B84B592755DF070030061D /* LaunchScreen.storyboard */,
			);
			path = "Launch Screen";
			sourceTree = "<group>";
		};
		10B84B852755E0620030061D /* Remote */ = {
			isa = PBXGroup;
			children = (
				10B84B872755E06C0030061D /* APIs */,
				10B84B862755E0670030061D /* Base */,
			);
			path = Remote;
			sourceTree = "<group>";
		};
		10B84B862755E0670030061D /* Base */ = {
			isa = PBXGroup;
			children = (
			);
			path = Base;
			sourceTree = "<group>";
		};
		10B84B872755E06C0030061D /* APIs */ = {
			isa = PBXGroup;
			children = (
			);
			path = APIs;
			sourceTree = "<group>";
		};
		73BE73EB7BA56988943588AF /* Frameworks */ = {
			isa = PBXGroup;
			children = (
				EA39F063A820D3FDC004DF63 /* Pods_GitHubLogin.framework */,
				7F0DFCB9900339048BCAEAA5 /* Pods_GitHubLogin_GitHubLoginUITests.framework */,
				CF2D1B00A1BD52E51E254C9D /* Pods_GitHubLoginTests.framework */,
			);
			name = Frameworks;
			sourceTree = "<group>";
		};
		76E2E98C38CE0D956F178F40 /* Pods */ = {
			isa = PBXGroup;
			children = (
				AA5F34748B7D00D8A8F94C24 /* Pods-GitHubLogin.debug.xcconfig */,
				EDF2CE4895B7ACA521B52D12 /* Pods-GitHubLogin.release.xcconfig */,
				E335F1E9BC9BD6E466D43C56 /* Pods-GitHubLogin-GitHubLoginUITests.debug.xcconfig */,
				7104CD49653BE4324FFB3364 /* Pods-GitHubLogin-GitHubLoginUITests.release.xcconfig */,
				A41727967DC6BF8EDC45CB45 /* Pods-GitHubLoginTests.debug.xcconfig */,
				44ABFDFD57FD063C0211A16E /* Pods-GitHubLoginTests.release.xcconfig */,
			);
			name = Pods;
			path = Pods;
			sourceTree = "<group>";
		};
/* End PBXGroup section */

/* Begin PBXNativeTarget section */
		10B84B4A2755DF050030061D /* GitHubLogin */ = {
			isa = PBXNativeTarget;
			buildConfigurationList = 10B84B752755DF070030061D /* Build configuration list for PBXNativeTarget "GitHubLogin" */;
			buildPhases = (
				059390B04DEAB97B447939EC /* [CP] Check Pods Manifest.lock */,
				10B84B472755DF050030061D /* Sources */,
				10B84B482755DF050030061D /* Frameworks */,
				10B84B492755DF050030061D /* Resources */,
				9D2300F1EF4AEE1640AA6B73 /* [CP] Embed Pods Frameworks */,
			);
			buildRules = (
			);
			dependencies = (
			);
			name = GitHubLogin;
			productName = GitHubLogin;
			productReference = 10B84B4B2755DF050030061D /* GitHubLogin.app */;
			productType = "com.apple.product-type.application";
		};
		10B84B602755DF070030061D /* GitHubLoginTests */ = {
			isa = PBXNativeTarget;
			buildConfigurationList = 10B84B782755DF070030061D /* Build configuration list for PBXNativeTarget "GitHubLoginTests" */;
			buildPhases = (
				5AA48B92D1D3A49E7C4335A8 /* [CP] Check Pods Manifest.lock */,
				10B84B5D2755DF070030061D /* Sources */,
				10B84B5E2755DF070030061D /* Frameworks */,
				10B84B5F2755DF070030061D /* Resources */,
				2E0D7CA74512ECCBAC4B1946 /* [CP] Embed Pods Frameworks */,
			);
			buildRules = (
			);
			dependencies = (
				10B84B632755DF070030061D /* PBXTargetDependency */,
			);
			name = GitHubLoginTests;
			productName = GitHubLoginTests;
			productReference = 10B84B612755DF070030061D /* GitHubLoginTests.xctest */;
			productType = "com.apple.product-type.bundle.unit-test";
		};
		10B84B6A2755DF070030061D /* GitHubLoginUITests */ = {
			isa = PBXNativeTarget;
			buildConfigurationList = 10B84B7B2755DF070030061D /* Build configuration list for PBXNativeTarget "GitHubLoginUITests" */;
			buildPhases = (
				1DDAF4C2AC4DFCD2BC936915 /* [CP] Check Pods Manifest.lock */,
				10B84B672755DF070030061D /* Sources */,
				10B84B682755DF070030061D /* Frameworks */,
				10B84B692755DF070030061D /* Resources */,
				08EE50C597BF07E5F2ACE3E4 /* [CP] Embed Pods Frameworks */,
			);
			buildRules = (
			);
			dependencies = (
				10B84B6D2755DF070030061D /* PBXTargetDependency */,
			);
			name = GitHubLoginUITests;
			productName = GitHubLoginUITests;
			productReference = 10B84B6B2755DF070030061D /* GitHubLoginUITests.xctest */;
			productType = "com.apple.product-type.bundle.ui-testing";
		};
/* End PBXNativeTarget section */

/* Begin PBXProject section */
		10B84B432755DF050030061D /* Project object */ = {
			isa = PBXProject;
			attributes = {
				BuildIndependentTargetsInParallel = 1;
				LastSwiftUpdateCheck = 1310;
				LastUpgradeCheck = 1310;
				TargetAttributes = {
					10B84B4A2755DF050030061D = {
						CreatedOnToolsVersion = 13.1;
					};
					10B84B602755DF070030061D = {
						CreatedOnToolsVersion = 13.1;
						TestTargetID = 10B84B4A2755DF050030061D;
					};
					10B84B6A2755DF070030061D = {
						CreatedOnToolsVersion = 13.1;
						TestTargetID = 10B84B4A2755DF050030061D;
					};
				};
			};
			buildConfigurationList = 10B84B462755DF050030061D /* Build configuration list for PBXProject "GitHubLogin" */;
			compatibilityVersion = "Xcode 13.0";
			developmentRegion = en;
			hasScannedForEncodings = 0;
			knownRegions = (
				en,
				Base,
			);
			mainGroup = 10B84B422755DF050030061D;
			productRefGroup = 10B84B4C2755DF050030061D /* Products */;
			projectDirPath = "";
			projectRoot = "";
			targets = (
				10B84B4A2755DF050030061D /* GitHubLogin */,
				10B84B602755DF070030061D /* GitHubLoginTests */,
				10B84B6A2755DF070030061D /* GitHubLoginUITests */,
			);
		};
/* End PBXProject section */

/* Begin PBXResourcesBuildPhase section */
		10B84B492755DF050030061D /* Resources */ = {
			isa = PBXResourcesBuildPhase;
			buildActionMask = 2147483647;
			files = (
				10B84B5B2755DF070030061D /* LaunchScreen.storyboard in Resources */,
				10B84B582755DF070030061D /* Assets.xcassets in Resources */,
			);
			runOnlyForDeploymentPostprocessing = 0;
		};
		10B84B5F2755DF070030061D /* Resources */ = {
			isa = PBXResourcesBuildPhase;
			buildActionMask = 2147483647;
			files = (
			);
			runOnlyForDeploymentPostprocessing = 0;
		};
		10B84B692755DF070030061D /* Resources */ = {
			isa = PBXResourcesBuildPhase;
			buildActionMask = 2147483647;
			files = (
			);
			runOnlyForDeploymentPostprocessing = 0;
		};
/* End PBXResourcesBuildPhase section */

/* Begin PBXShellScriptBuildPhase section */
		059390B04DEAB97B447939EC /* [CP] Check Pods Manifest.lock */ = {
			isa = PBXShellScriptBuildPhase;
			buildActionMask = 2147483647;
			files = (
			);
			inputFileListPaths = (
			);
			inputPaths = (
				"${PODS_PODFILE_DIR_PATH}/Podfile.lock",
				"${PODS_ROOT}/Manifest.lock",
			);
			name = "[CP] Check Pods Manifest.lock";
			outputFileListPaths = (
			);
			outputPaths = (
				"$(DERIVED_FILE_DIR)/Pods-GitHubLogin-checkManifestLockResult.txt",
			);
			runOnlyForDeploymentPostprocessing = 0;
			shellPath = /bin/sh;
			shellScript = "diff \"${PODS_PODFILE_DIR_PATH}/Podfile.lock\" \"${PODS_ROOT}/Manifest.lock\" > /dev/null\nif [ $? != 0 ] ; then\n    # print error to STDERR\n    echo \"error: The sandbox is not in sync with the Podfile.lock. Run 'pod install' or update your CocoaPods installation.\" >&2\n    exit 1\nfi\n# This output is used by Xcode 'outputs' to avoid re-running this script phase.\necho \"SUCCESS\" > \"${SCRIPT_OUTPUT_FILE_0}\"\n";
			showEnvVarsInLog = 0;
		};
		08EE50C597BF07E5F2ACE3E4 /* [CP] Embed Pods Frameworks */ = {
			isa = PBXShellScriptBuildPhase;
			buildActionMask = 2147483647;
			files = (
			);
			inputFileListPaths = (
				"${PODS_ROOT}/Target Support Files/Pods-GitHubLogin-GitHubLoginUITests/Pods-GitHubLogin-GitHubLoginUITests-frameworks-${CONFIGURATION}-input-files.xcfilelist",
			);
			name = "[CP] Embed Pods Frameworks";
			outputFileListPaths = (
				"${PODS_ROOT}/Target Support Files/Pods-GitHubLogin-GitHubLoginUITests/Pods-GitHubLogin-GitHubLoginUITests-frameworks-${CONFIGURATION}-output-files.xcfilelist",
			);
			runOnlyForDeploymentPostprocessing = 0;
			shellPath = /bin/sh;
			shellScript = "\"${PODS_ROOT}/Target Support Files/Pods-GitHubLogin-GitHubLoginUITests/Pods-GitHubLogin-GitHubLoginUITests-frameworks.sh\"\n";
			showEnvVarsInLog = 0;
		};
		1DDAF4C2AC4DFCD2BC936915 /* [CP] Check Pods Manifest.lock */ = {
			isa = PBXShellScriptBuildPhase;
			buildActionMask = 2147483647;
			files = (
			);
			inputFileListPaths = (
			);
			inputPaths = (
				"${PODS_PODFILE_DIR_PATH}/Podfile.lock",
				"${PODS_ROOT}/Manifest.lock",
			);
			name = "[CP] Check Pods Manifest.lock";
			outputFileListPaths = (
			);
			outputPaths = (
				"$(DERIVED_FILE_DIR)/Pods-GitHubLogin-GitHubLoginUITests-checkManifestLockResult.txt",
			);
			runOnlyForDeploymentPostprocessing = 0;
			shellPath = /bin/sh;
			shellScript = "diff \"${PODS_PODFILE_DIR_PATH}/Podfile.lock\" \"${PODS_ROOT}/Manifest.lock\" > /dev/null\nif [ $? != 0 ] ; then\n    # print error to STDERR\n    echo \"error: The sandbox is not in sync with the Podfile.lock. Run 'pod install' or update your CocoaPods installation.\" >&2\n    exit 1\nfi\n# This output is used by Xcode 'outputs' to avoid re-running this script phase.\necho \"SUCCESS\" > \"${SCRIPT_OUTPUT_FILE_0}\"\n";
			showEnvVarsInLog = 0;
		};
		2E0D7CA74512ECCBAC4B1946 /* [CP] Embed Pods Frameworks */ = {
			isa = PBXShellScriptBuildPhase;
			buildActionMask = 2147483647;
			files = (
			);
			inputFileListPaths = (
				"${PODS_ROOT}/Target Support Files/Pods-GitHubLoginTests/Pods-GitHubLoginTests-frameworks-${CONFIGURATION}-input-files.xcfilelist",
			);
			name = "[CP] Embed Pods Frameworks";
			outputFileListPaths = (
				"${PODS_ROOT}/Target Support Files/Pods-GitHubLoginTests/Pods-GitHubLoginTests-frameworks-${CONFIGURATION}-output-files.xcfilelist",
			);
			runOnlyForDeploymentPostprocessing = 0;
			shellPath = /bin/sh;
			shellScript = "\"${PODS_ROOT}/Target Support Files/Pods-GitHubLoginTests/Pods-GitHubLoginTests-frameworks.sh\"\n";
			showEnvVarsInLog = 0;
		};
		5AA48B92D1D3A49E7C4335A8 /* [CP] Check Pods Manifest.lock */ = {
			isa = PBXShellScriptBuildPhase;
			buildActionMask = 2147483647;
			files = (
			);
			inputFileListPaths = (
			);
			inputPaths = (
				"${PODS_PODFILE_DIR_PATH}/Podfile.lock",
				"${PODS_ROOT}/Manifest.lock",
			);
			name = "[CP] Check Pods Manifest.lock";
			outputFileListPaths = (
			);
			outputPaths = (
				"$(DERIVED_FILE_DIR)/Pods-GitHubLoginTests-checkManifestLockResult.txt",
			);
			runOnlyForDeploymentPostprocessing = 0;
			shellPath = /bin/sh;
			shellScript = "diff \"${PODS_PODFILE_DIR_PATH}/Podfile.lock\" \"${PODS_ROOT}/Manifest.lock\" > /dev/null\nif [ $? != 0 ] ; then\n    # print error to STDERR\n    echo \"error: The sandbox is not in sync with the Podfile.lock. Run 'pod install' or update your CocoaPods installation.\" >&2\n    exit 1\nfi\n# This output is used by Xcode 'outputs' to avoid re-running this script phase.\necho \"SUCCESS\" > \"${SCRIPT_OUTPUT_FILE_0}\"\n";
			showEnvVarsInLog = 0;
		};
		9D2300F1EF4AEE1640AA6B73 /* [CP] Embed Pods Frameworks */ = {
			isa = PBXShellScriptBuildPhase;
			buildActionMask = 2147483647;
			files = (
			);
			inputFileListPaths = (
				"${PODS_ROOT}/Target Support Files/Pods-GitHubLogin/Pods-GitHubLogin-frameworks-${CONFIGURATION}-input-files.xcfilelist",
			);
			name = "[CP] Embed Pods Frameworks";
			outputFileListPaths = (
				"${PODS_ROOT}/Target Support Files/Pods-GitHubLogin/Pods-GitHubLogin-frameworks-${CONFIGURATION}-output-files.xcfilelist",
			);
			runOnlyForDeploymentPostprocessing = 0;
			shellPath = /bin/sh;
			shellScript = "\"${PODS_ROOT}/Target Support Files/Pods-GitHubLogin/Pods-GitHubLogin-frameworks.sh\"\n";
			showEnvVarsInLog = 0;
		};
/* End PBXShellScriptBuildPhase section */

/* Begin PBXSourcesBuildPhase section */
		10B84B472755DF050030061D /* Sources */ = {
			isa = PBXSourcesBuildPhase;
			buildActionMask = 2147483647;
			files = (
				10B84B4F2755DF050030061D /* AppDelegate.swift in Sources */,
			);
			runOnlyForDeploymentPostprocessing = 0;
		};
		10B84B5D2755DF070030061D /* Sources */ = {
			isa = PBXSourcesBuildPhase;
			buildActionMask = 2147483647;
			files = (
				10B84B662755DF070030061D /* GitHubLoginTests.swift in Sources */,
			);
			runOnlyForDeploymentPostprocessing = 0;
		};
		10B84B672755DF070030061D /* Sources */ = {
			isa = PBXSourcesBuildPhase;
			buildActionMask = 2147483647;
			files = (
				10B84B702755DF070030061D /* GitHubLoginUITests.swift in Sources */,
				10B84B722755DF070030061D /* GitHubLoginUITestsLaunchTests.swift in Sources */,
			);
			runOnlyForDeploymentPostprocessing = 0;
		};
/* End PBXSourcesBuildPhase section */

/* Begin PBXTargetDependency section */
		10B84B632755DF070030061D /* PBXTargetDependency */ = {
			isa = PBXTargetDependency;
			target = 10B84B4A2755DF050030061D /* GitHubLogin */;
			targetProxy = 10B84B622755DF070030061D /* PBXContainerItemProxy */;
		};
		10B84B6D2755DF070030061D /* PBXTargetDependency */ = {
			isa = PBXTargetDependency;
			target = 10B84B4A2755DF050030061D /* GitHubLogin */;
			targetProxy = 10B84B6C2755DF070030061D /* PBXContainerItemProxy */;
		};
/* End PBXTargetDependency section */

/* Begin PBXVariantGroup section */
		10B84B592755DF070030061D /* LaunchScreen.storyboard */ = {
			isa = PBXVariantGroup;
			children = (
				10B84B5A2755DF070030061D /* Base */,
			);
			name = LaunchScreen.storyboard;
			sourceTree = "<group>";
		};
/* End PBXVariantGroup section */

/* Begin XCBuildConfiguration section */
		10B84B732755DF070030061D /* Debug */ = {
			isa = XCBuildConfiguration;
			buildSettings = {
				ALWAYS_SEARCH_USER_PATHS = NO;
				CLANG_ANALYZER_NONNULL = YES;
				CLANG_ANALYZER_NUMBER_OBJECT_CONVERSION = YES_AGGRESSIVE;
				CLANG_CXX_LANGUAGE_STANDARD = "gnu++17";
				CLANG_CXX_LIBRARY = "libc++";
				CLANG_ENABLE_MODULES = YES;
				CLANG_ENABLE_OBJC_ARC = YES;
				CLANG_ENABLE_OBJC_WEAK = YES;
				CLANG_WARN_BLOCK_CAPTURE_AUTORELEASING = YES;
				CLANG_WARN_BOOL_CONVERSION = YES;
				CLANG_WARN_COMMA = YES;
				CLANG_WARN_CONSTANT_CONVERSION = YES;
				CLANG_WARN_DEPRECATED_OBJC_IMPLEMENTATIONS = YES;
				CLANG_WARN_DIRECT_OBJC_ISA_USAGE = YES_ERROR;
				CLANG_WARN_DOCUMENTATION_COMMENTS = YES;
				CLANG_WARN_EMPTY_BODY = YES;
				CLANG_WARN_ENUM_CONVERSION = YES;
				CLANG_WARN_INFINITE_RECURSION = YES;
				CLANG_WARN_INT_CONVERSION = YES;
				CLANG_WARN_NON_LITERAL_NULL_CONVERSION = YES;
				CLANG_WARN_OBJC_IMPLICIT_RETAIN_SELF = YES;
				CLANG_WARN_OBJC_LITERAL_CONVERSION = YES;
				CLANG_WARN_OBJC_ROOT_CLASS = YES_ERROR;
				CLANG_WARN_QUOTED_INCLUDE_IN_FRAMEWORK_HEADER = YES;
				CLANG_WARN_RANGE_LOOP_ANALYSIS = YES;
				CLANG_WARN_STRICT_PROTOTYPES = YES;
				CLANG_WARN_SUSPICIOUS_MOVE = YES;
				CLANG_WARN_UNGUARDED_AVAILABILITY = YES_AGGRESSIVE;
				CLANG_WARN_UNREACHABLE_CODE = YES;
				CLANG_WARN__DUPLICATE_METHOD_MATCH = YES;
				COPY_PHASE_STRIP = NO;
				DEBUG_INFORMATION_FORMAT = dwarf;
				ENABLE_STRICT_OBJC_MSGSEND = YES;
				ENABLE_TESTABILITY = YES;
				GCC_C_LANGUAGE_STANDARD = gnu11;
				GCC_DYNAMIC_NO_PIC = NO;
				GCC_NO_COMMON_BLOCKS = YES;
				GCC_OPTIMIZATION_LEVEL = 0;
				GCC_PREPROCESSOR_DEFINITIONS = (
					"DEBUG=1",
					"$(inherited)",
				);
				GCC_WARN_64_TO_32_BIT_CONVERSION = YES;
				GCC_WARN_ABOUT_RETURN_TYPE = YES_ERROR;
				GCC_WARN_UNDECLARED_SELECTOR = YES;
				GCC_WARN_UNINITIALIZED_AUTOS = YES_AGGRESSIVE;
				GCC_WARN_UNUSED_FUNCTION = YES;
				GCC_WARN_UNUSED_VARIABLE = YES;
				IPHONEOS_DEPLOYMENT_TARGET = 12.0;
				MTL_ENABLE_DEBUG_INFO = INCLUDE_SOURCE;
				MTL_FAST_MATH = YES;
				ONLY_ACTIVE_ARCH = YES;
				SDKROOT = iphoneos;
				SWIFT_ACTIVE_COMPILATION_CONDITIONS = DEBUG;
				SWIFT_OPTIMIZATION_LEVEL = "-Onone";
			};
			name = Debug;
		};
		10B84B742755DF070030061D /* Release */ = {
			isa = XCBuildConfiguration;
			buildSettings = {
				ALWAYS_SEARCH_USER_PATHS = NO;
				CLANG_ANALYZER_NONNULL = YES;
				CLANG_ANALYZER_NUMBER_OBJECT_CONVERSION = YES_AGGRESSIVE;
				CLANG_CXX_LANGUAGE_STANDARD = "gnu++17";
				CLANG_CXX_LIBRARY = "libc++";
				CLANG_ENABLE_MODULES = YES;
				CLANG_ENABLE_OBJC_ARC = YES;
				CLANG_ENABLE_OBJC_WEAK = YES;
				CLANG_WARN_BLOCK_CAPTURE_AUTORELEASING = YES;
				CLANG_WARN_BOOL_CONVERSION = YES;
				CLANG_WARN_COMMA = YES;
				CLANG_WARN_CONSTANT_CONVERSION = YES;
				CLANG_WARN_DEPRECATED_OBJC_IMPLEMENTATIONS = YES;
				CLANG_WARN_DIRECT_OBJC_ISA_USAGE = YES_ERROR;
				CLANG_WARN_DOCUMENTATION_COMMENTS = YES;
				CLANG_WARN_EMPTY_BODY = YES;
				CLANG_WARN_ENUM_CONVERSION = YES;
				CLANG_WARN_INFINITE_RECURSION = YES;
				CLANG_WARN_INT_CONVERSION = YES;
				CLANG_WARN_NON_LITERAL_NULL_CONVERSION = YES;
				CLANG_WARN_OBJC_IMPLICIT_RETAIN_SELF = YES;
				CLANG_WARN_OBJC_LITERAL_CONVERSION = YES;
				CLANG_WARN_OBJC_ROOT_CLASS = YES_ERROR;
				CLANG_WARN_QUOTED_INCLUDE_IN_FRAMEWORK_HEADER = YES;
				CLANG_WARN_RANGE_LOOP_ANALYSIS = YES;
				CLANG_WARN_STRICT_PROTOTYPES = YES;
				CLANG_WARN_SUSPICIOUS_MOVE = YES;
				CLANG_WARN_UNGUARDED_AVAILABILITY = YES_AGGRESSIVE;
				CLANG_WARN_UNREACHABLE_CODE = YES;
				CLANG_WARN__DUPLICATE_METHOD_MATCH = YES;
				COPY_PHASE_STRIP = NO;
				DEBUG_INFORMATION_FORMAT = "dwarf-with-dsym";
				ENABLE_NS_ASSERTIONS = NO;
				ENABLE_STRICT_OBJC_MSGSEND = YES;
				GCC_C_LANGUAGE_STANDARD = gnu11;
				GCC_NO_COMMON_BLOCKS = YES;
				GCC_WARN_64_TO_32_BIT_CONVERSION = YES;
				GCC_WARN_ABOUT_RETURN_TYPE = YES_ERROR;
				GCC_WARN_UNDECLARED_SELECTOR = YES;
				GCC_WARN_UNINITIALIZED_AUTOS = YES_AGGRESSIVE;
				GCC_WARN_UNUSED_FUNCTION = YES;
				GCC_WARN_UNUSED_VARIABLE = YES;
				IPHONEOS_DEPLOYMENT_TARGET = 12.0;
				MTL_ENABLE_DEBUG_INFO = NO;
				MTL_FAST_MATH = YES;
				SDKROOT = iphoneos;
				SWIFT_COMPILATION_MODE = wholemodule;
				SWIFT_OPTIMIZATION_LEVEL = "-O";
				VALIDATE_PRODUCT = YES;
			};
			name = Release;
		};
		10B84B762755DF070030061D /* Debug */ = {
			isa = XCBuildConfiguration;
			baseConfigurationReference = AA5F34748B7D00D8A8F94C24 /* Pods-GitHubLogin.debug.xcconfig */;
			buildSettings = {
				ASSETCATALOG_COMPILER_APPICON_NAME = AppIcon;
				ASSETCATALOG_COMPILER_GLOBAL_ACCENT_COLOR_NAME = AccentColor;
				CODE_SIGN_STYLE = Automatic;
				CURRENT_PROJECT_VERSION = 1;
				DEVELOPMENT_TEAM = 57CN6FH4FY;
				GENERATE_INFOPLIST_FILE = YES;
				INFOPLIST_FILE = GitHubLogin/Configurations/Info.plist;
				INFOPLIST_KEY_UIApplicationSupportsIndirectInputEvents = YES;
				INFOPLIST_KEY_UILaunchStoryboardName = LaunchScreen;
				INFOPLIST_KEY_UIMainStoryboardFile = Main;
				INFOPLIST_KEY_UISupportedInterfaceOrientations = UIInterfaceOrientationPortrait;
				INFOPLIST_KEY_UISupportedInterfaceOrientations_iPad = "UIInterfaceOrientationPortrait UIInterfaceOrientationPortraitUpsideDown UIInterfaceOrientationLandscapeLeft UIInterfaceOrientationLandscapeRight";
				INFOPLIST_KEY_UISupportedInterfaceOrientations_iPhone = "UIInterfaceOrientationPortrait UIInterfaceOrientationLandscapeLeft UIInterfaceOrientationLandscapeRight";
				IPHONEOS_DEPLOYMENT_TARGET = 12.0;
				LD_RUNPATH_SEARCH_PATHS = (
					"$(inherited)",
					"@executable_path/Frameworks",
				);
				MARKETING_VERSION = 1.0;
				PRODUCT_BUNDLE_IDENTIFIER = com.GitHubLogin.app;
				PRODUCT_NAME = "$(TARGET_NAME)";
				SWIFT_EMIT_LOC_STRINGS = YES;
				SWIFT_VERSION = 5.0;
				TARGETED_DEVICE_FAMILY = "1,2";
			};
			name = Debug;
		};
		10B84B772755DF070030061D /* Release */ = {
			isa = XCBuildConfiguration;
			baseConfigurationReference = EDF2CE4895B7ACA521B52D12 /* Pods-GitHubLogin.release.xcconfig */;
			buildSettings = {
				ASSETCATALOG_COMPILER_APPICON_NAME = AppIcon;
				ASSETCATALOG_COMPILER_GLOBAL_ACCENT_COLOR_NAME = AccentColor;
				CODE_SIGN_STYLE = Automatic;
				CURRENT_PROJECT_VERSION = 1;
				DEVELOPMENT_TEAM = 57CN6FH4FY;
				GENERATE_INFOPLIST_FILE = YES;
				INFOPLIST_FILE = GitHubLogin/Configurations/Info.plist;
				INFOPLIST_KEY_UIApplicationSupportsIndirectInputEvents = YES;
				INFOPLIST_KEY_UILaunchStoryboardName = LaunchScreen;
				INFOPLIST_KEY_UIMainStoryboardFile = Main;
				INFOPLIST_KEY_UISupportedInterfaceOrientations = UIInterfaceOrientationPortrait;
				INFOPLIST_KEY_UISupportedInterfaceOrientations_iPad = "UIInterfaceOrientationPortrait UIInterfaceOrientationPortraitUpsideDown UIInterfaceOrientationLandscapeLeft UIInterfaceOrientationLandscapeRight";
				INFOPLIST_KEY_UISupportedInterfaceOrientations_iPhone = "UIInterfaceOrientationPortrait UIInterfaceOrientationLandscapeLeft UIInterfaceOrientationLandscapeRight";
				IPHONEOS_DEPLOYMENT_TARGET = 12.0;
				LD_RUNPATH_SEARCH_PATHS = (
					"$(inherited)",
					"@executable_path/Frameworks",
				);
				MARKETING_VERSION = 1.0;
				PRODUCT_BUNDLE_IDENTIFIER = com.GitHubLogin.app;
				PRODUCT_NAME = "$(TARGET_NAME)";
				SWIFT_EMIT_LOC_STRINGS = YES;
				SWIFT_VERSION = 5.0;
				TARGETED_DEVICE_FAMILY = "1,2";
			};
			name = Release;
		};
		10B84B792755DF070030061D /* Debug */ = {
			isa = XCBuildConfiguration;
			baseConfigurationReference = A41727967DC6BF8EDC45CB45 /* Pods-GitHubLoginTests.debug.xcconfig */;
			buildSettings = {
				ALWAYS_EMBED_SWIFT_STANDARD_LIBRARIES = YES;
				BUNDLE_LOADER = "$(TEST_HOST)";
				CODE_SIGN_STYLE = Automatic;
				CURRENT_PROJECT_VERSION = 1;
				DEVELOPMENT_TEAM = 57CN6FH4FY;
				GENERATE_INFOPLIST_FILE = YES;
				IPHONEOS_DEPLOYMENT_TARGET = 15.0;
				LD_RUNPATH_SEARCH_PATHS = (
					"$(inherited)",
					"@executable_path/Frameworks",
					"@loader_path/Frameworks",
				);
				MARKETING_VERSION = 1.0;
				PRODUCT_BUNDLE_IDENTIFIER = com.shemy.GitHubLoginTests;
				PRODUCT_NAME = "$(TARGET_NAME)";
				SWIFT_EMIT_LOC_STRINGS = NO;
				SWIFT_VERSION = 5.0;
				TARGETED_DEVICE_FAMILY = "1,2";
				TEST_HOST = "$(BUILT_PRODUCTS_DIR)/GitHubLogin.app/GitHubLogin";
			};
			name = Debug;
		};
		10B84B7A2755DF070030061D /* Release */ = {
			isa = XCBuildConfiguration;
			baseConfigurationReference = 44ABFDFD57FD063C0211A16E /* Pods-GitHubLoginTests.release.xcconfig */;
			buildSettings = {
				ALWAYS_EMBED_SWIFT_STANDARD_LIBRARIES = YES;
				BUNDLE_LOADER = "$(TEST_HOST)";
				CODE_SIGN_STYLE = Automatic;
				CURRENT_PROJECT_VERSION = 1;
				DEVELOPMENT_TEAM = 57CN6FH4FY;
				GENERATE_INFOPLIST_FILE = YES;
				IPHONEOS_DEPLOYMENT_TARGET = 15.0;
				LD_RUNPATH_SEARCH_PATHS = (
					"$(inherited)",
					"@executable_path/Frameworks",
					"@loader_path/Frameworks",
				);
				MARKETING_VERSION = 1.0;
				PRODUCT_BUNDLE_IDENTIFIER = com.shemy.GitHubLoginTests;
				PRODUCT_NAME = "$(TARGET_NAME)";
				SWIFT_EMIT_LOC_STRINGS = NO;
				SWIFT_VERSION = 5.0;
				TARGETED_DEVICE_FAMILY = "1,2";
				TEST_HOST = "$(BUILT_PRODUCTS_DIR)/GitHubLogin.app/GitHubLogin";
			};
			name = Release;
		};
		10B84B7C2755DF070030061D /* Debug */ = {
			isa = XCBuildConfiguration;
			baseConfigurationReference = E335F1E9BC9BD6E466D43C56 /* Pods-GitHubLogin-GitHubLoginUITests.debug.xcconfig */;
			buildSettings = {
				ALWAYS_EMBED_SWIFT_STANDARD_LIBRARIES = YES;
				CODE_SIGN_STYLE = Automatic;
				CURRENT_PROJECT_VERSION = 1;
				DEVELOPMENT_TEAM = 57CN6FH4FY;
				GENERATE_INFOPLIST_FILE = YES;
				LD_RUNPATH_SEARCH_PATHS = (
					"$(inherited)",
					"@executable_path/Frameworks",
					"@loader_path/Frameworks",
				);
				MARKETING_VERSION = 1.0;
				PRODUCT_BUNDLE_IDENTIFIER = com.shemy.GitHubLoginUITests;
				PRODUCT_NAME = "$(TARGET_NAME)";
				SWIFT_EMIT_LOC_STRINGS = NO;
				SWIFT_VERSION = 5.0;
				TARGETED_DEVICE_FAMILY = "1,2";
				TEST_TARGET_NAME = GitHubLogin;
			};
			name = Debug;
		};
		10B84B7D2755DF070030061D /* Release */ = {
			isa = XCBuildConfiguration;
			baseConfigurationReference = 7104CD49653BE4324FFB3364 /* Pods-GitHubLogin-GitHubLoginUITests.release.xcconfig */;
			buildSettings = {
				ALWAYS_EMBED_SWIFT_STANDARD_LIBRARIES = YES;
				CODE_SIGN_STYLE = Automatic;
				CURRENT_PROJECT_VERSION = 1;
				DEVELOPMENT_TEAM = 57CN6FH4FY;
				GENERATE_INFOPLIST_FILE = YES;
				LD_RUNPATH_SEARCH_PATHS = (
					"$(inherited)",
					"@executable_path/Frameworks",
					"@loader_path/Frameworks",
				);
				MARKETING_VERSION = 1.0;
				PRODUCT_BUNDLE_IDENTIFIER = com.shemy.GitHubLoginUITests;
				PRODUCT_NAME = "$(TARGET_NAME)";
				SWIFT_EMIT_LOC_STRINGS = NO;
				SWIFT_VERSION = 5.0;
				TARGETED_DEVICE_FAMILY = "1,2";
				TEST_TARGET_NAME = GitHubLogin;
			};
			name = Release;
		};
/* End XCBuildConfiguration section */

/* Begin XCConfigurationList section */
		10B84B462755DF050030061D /* Build configuration list for PBXProject "GitHubLogin" */ = {
			isa = XCConfigurationList;
			buildConfigurations = (
				10B84B732755DF070030061D /* Debug */,
				10B84B742755DF070030061D /* Release */,
			);
			defaultConfigurationIsVisible = 0;
			defaultConfigurationName = Release;
		};
		10B84B752755DF070030061D /* Build configuration list for PBXNativeTarget "GitHubLogin" */ = {
			isa = XCConfigurationList;
			buildConfigurations = (
				10B84B762755DF070030061D /* Debug */,
				10B84B772755DF070030061D /* Release */,
			);
			defaultConfigurationIsVisible = 0;
			defaultConfigurationName = Release;
		};
		10B84B782755DF070030061D /* Build configuration list for PBXNativeTarget "GitHubLoginTests" */ = {
			isa = XCConfigurationList;
			buildConfigurations = (
				10B84B792755DF070030061D /* Debug */,
				10B84B7A2755DF070030061D /* Release */,
			);
			defaultConfigurationIsVisible = 0;
			defaultConfigurationName = Release;
		};
		10B84B7B2755DF070030061D /* Build configuration list for PBXNativeTarget "GitHubLoginUITests" */ = {
			isa = XCConfigurationList;
			buildConfigurations = (
				10B84B7C2755DF070030061D /* Debug */,
				10B84B7D2755DF070030061D /* Release */,
			);
			defaultConfigurationIsVisible = 0;
			defaultConfigurationName = Release;
		};
/* End XCConfigurationList section */
	};
	rootObject = 10B84B432755DF050030061D /* Project object */;
}
